
Microsoft Visual Studio Solution File, Format Version 12.00
# Visual Studio 14
VisualStudioVersion = 14.0.25420.1
MinimumVisualStudioVersion = 10.0.40219.1
Project("{FAE04EC0-301F-11D3-BF4B-00C04F79EFBC}") = "myCRM", "myCRM\myCRM\myCRM.csproj", "{B71ED389-AB8C-44AB-8527-14BD2FE1C37A}"
EndProject
Project("{FAE04EC0-301F-11D3-BF4B-00C04F79EFBC}") = "myCRM.Droid", "myCRM\myCRM.Droid\myCRM.Droid.csproj", "{39459504-3E21-4BD3-9DC1-4F84E36915AD}"
EndProject
Project("{FAE04EC0-301F-11D3-BF4B-00C04F79EFBC}") = "myCRM.iOS", "myCRM\myCRM.iOS\myCRM.iOS.csproj", "{03786327-08EB-43BB-AA65-7DA1A084E7FF}"
EndProject
Project("{FAE04EC0-301F-11D3-BF4B-00C04F79EFBC}") = "myCRM.WinPhone", "myCRM\myCRM.WinPhone\myCRM.WinPhone.csproj", "{AA4A3B8D-8DBB-483A-80A8-76176DE7A839}"
EndProject
Project("{FAE04EC0-301F-11D3-BF4B-00C04F79EFBC}") = "myCRM.UWP", "myCRM\myCRM.UWP\myCRM.UWP.csproj", "{10091902-A679-4925-9C38-30BAE7F7816E}"
EndProject
Project("{FAE04EC0-301F-11D3-BF4B-00C04F79EFBC}") = "myCRM.Windows", "myCRM\myCRM.Windows\myCRM.Windows.csproj", "{DDB18E07-6A7C-46FD-9721-154EA0A50D28}"
EndProject
Global
	GlobalSection(SolutionConfigurationPlatforms) = preSolution
		Ad-Hoc|Any CPU = Ad-Hoc|Any CPU
		Ad-Hoc|ARM = Ad-Hoc|ARM
		Ad-Hoc|iPhone = Ad-Hoc|iPhone
		Ad-Hoc|iPhoneSimulator = Ad-Hoc|iPhoneSimulator
		Ad-Hoc|x64 = Ad-Hoc|x64
		Ad-Hoc|x86 = Ad-Hoc|x86
		AppStore|Any CPU = AppStore|Any CPU
		AppStore|ARM = AppStore|ARM
		AppStore|iPhone = AppStore|iPhone
		AppStore|iPhoneSimulator = AppStore|iPhoneSimulator
		AppStore|x64 = AppStore|x64
		AppStore|x86 = AppStore|x86
		Debug|Any CPU = Debug|Any CPU
		Debug|ARM = Debug|ARM
		Debug|iPhone = Debug|iPhone
		Debug|iPhoneSimulator = Debug|iPhoneSimulator
		Debug|x64 = Debug|x64
		Debug|x86 = Debug|x86
		Release|Any CPU = Release|Any CPU
		Release|ARM = Release|ARM
		Release|iPhone = Release|iPhone
		Release|iPhoneSimulator = Release|iPhoneSimulator
		Release|x64 = Release|x64
		Release|x86 = Release|x86
	EndGlobalSection
	GlobalSection(ProjectConfigurationPlatforms) = postSolution
		{B71ED389-AB8C-44AB-8527-14BD2FE1C37A}.Ad-Hoc|Any CPU.ActiveCfg = Release|Any CPU
		{B71ED389-AB8C-44AB-8527-14BD2FE1C37A}.Ad-Hoc|Any CPU.Build.0 = Release|Any CPU
		{B71ED389-AB8C-44AB-8527-14BD2FE1C37A}.Ad-Hoc|ARM.ActiveCfg = Release|Any CPU
		{B71ED389-AB8C-44AB-8527-14BD2FE1C37A}.Ad-Hoc|ARM.Build.0 = Release|Any CPU
		{B71ED389-AB8C-44AB-8527-14BD2FE1C37A}.Ad-Hoc|iPhone.ActiveCfg = Release|Any CPU
		{B71ED389-AB8C-44AB-8527-14BD2FE1C37A}.Ad-Hoc|iPhone.Build.0 = Release|Any CPU
		{B71ED389-AB8C-44AB-8527-14BD2FE1C37A}.Ad-Hoc|iPhoneSimulator.ActiveCfg = Release|Any CPU
		{B71ED389-AB8C-44AB-8527-14BD2FE1C37A}.Ad-Hoc|iPhoneSimulator.Build.0 = Release|Any CPU
		{B71ED389-AB8C-44AB-8527-14BD2FE1C37A}.Ad-Hoc|x64.ActiveCfg = Release|Any CPU
		{B71ED389-AB8C-44AB-8527-14BD2FE1C37A}.Ad-Hoc|x64.Build.0 = Release|Any CPU
		{B71ED389-AB8C-44AB-8527-14BD2FE1C37A}.Ad-Hoc|x86.ActiveCfg = Release|Any CPU
		{B71ED389-AB8C-44AB-8527-14BD2FE1C37A}.Ad-Hoc|x86.Build.0 = Release|Any CPU
		{B71ED389-AB8C-44AB-8527-14BD2FE1C37A}.AppStore|Any CPU.ActiveCfg = Release|Any CPU
		{B71ED389-AB8C-44AB-8527-14BD2FE1C37A}.AppStore|Any CPU.Build.0 = Release|Any CPU
		{B71ED389-AB8C-44AB-8527-14BD2FE1C37A}.AppStore|ARM.ActiveCfg = Release|Any CPU
		{B71ED389-AB8C-44AB-8527-14BD2FE1C37A}.AppStore|ARM.Build.0 = Release|Any CPU
		{B71ED389-AB8C-44AB-8527-14BD2FE1C37A}.AppStore|iPhone.ActiveCfg = Release|Any CPU
		{B71ED389-AB8C-44AB-8527-14BD2FE1C37A}.AppStore|iPhone.Build.0 = Release|Any CPU
		{B71ED389-AB8C-44AB-8527-14BD2FE1C37A}.AppStore|iPhoneSimulator.ActiveCfg = Release|Any CPU
		{B71ED389-AB8C-44AB-8527-14BD2FE1C37A}.AppStore|iPhoneSimulator.Build.0 = Release|Any CPU
		{B71ED389-AB8C-44AB-8527-14BD2FE1C37A}.AppStore|x64.ActiveCfg = Release|Any CPU
		{B71ED389-AB8C-44AB-8527-14BD2FE1C37A}.AppStore|x64.Build.0 = Release|Any CPU
		{B71ED389-AB8C-44AB-8527-14BD2FE1C37A}.AppStore|x86.ActiveCfg = Release|Any CPU
		{B71ED389-AB8C-44AB-8527-14BD2FE1C37A}.AppStore|x86.Build.0 = Release|Any CPU
		{B71ED389-AB8C-44AB-8527-14BD2FE1C37A}.Debug|Any CPU.ActiveCfg = Debug|Any CPU
		{B71ED389-AB8C-44AB-8527-14BD2FE1C37A}.Debug|Any CPU.Build.0 = Debug|Any CPU
		{B71ED389-AB8C-44AB-8527-14BD2FE1C37A}.Debug|ARM.ActiveCfg = Debug|Any CPU
		{B71ED389-AB8C-44AB-8527-14BD2FE1C37A}.Debug|ARM.Build.0 = Debug|Any CPU
		{B71ED389-AB8C-44AB-8527-14BD2FE1C37A}.Debug|iPhone.ActiveCfg = Debug|Any CPU
		{B71ED389-AB8C-44AB-8527-14BD2FE1C37A}.Debug|iPhone.Build.0 = Debug|Any CPU
		{B71ED389-AB8C-44AB-8527-14BD2FE1C37A}.Debug|iPhoneSimulator.ActiveCfg = Debug|Any CPU
		{B71ED389-AB8C-44AB-8527-14BD2FE1C37A}.Debug|iPhoneSimulator.Build.0 = Debug|Any CPU
		{B71ED389-AB8C-44AB-8527-14BD2FE1C37A}.Debug|x64.ActiveCfg = Debug|Any CPU
		{B71ED389-AB8C-44AB-8527-14BD2FE1C37A}.Debug|x64.Build.0 = Debug|Any CPU
		{B71ED389-AB8C-44AB-8527-14BD2FE1C37A}.Debug|x86.ActiveCfg = Debug|Any CPU
		{B71ED389-AB8C-44AB-8527-14BD2FE1C37A}.Debug|x86.Build.0 = Debug|Any CPU
		{B71ED389-AB8C-44AB-8527-14BD2FE1C37A}.Release|Any CPU.ActiveCfg = Release|Any CPU
		{B71ED389-AB8C-44AB-8527-14BD2FE1C37A}.Release|Any CPU.Build.0 = Release|Any CPU
		{B71ED389-AB8C-44AB-8527-14BD2FE1C37A}.Release|ARM.ActiveCfg = Release|Any CPU
		{B71ED389-AB8C-44AB-8527-14BD2FE1C37A}.Release|ARM.Build.0 = Release|Any CPU
		{B71ED389-AB8C-44AB-8527-14BD2FE1C37A}.Release|iPhone.ActiveCfg = Release|Any CPU
		{B71ED389-AB8C-44AB-8527-14BD2FE1C37A}.Release|iPhone.Build.0 = Release|Any CPU
		{B71ED389-AB8C-44AB-8527-14BD2FE1C37A}.Release|iPhoneSimulator.ActiveCfg = Release|Any CPU
		{B71ED389-AB8C-44AB-8527-14BD2FE1C37A}.Release|iPhoneSimulator.Build.0 = Release|Any CPU
		{B71ED389-AB8C-44AB-8527-14BD2FE1C37A}.Release|x64.ActiveCfg = Release|Any CPU
		{B71ED389-AB8C-44AB-8527-14BD2FE1C37A}.Release|x64.Build.0 = Release|Any CPU
		{B71ED389-AB8C-44AB-8527-14BD2FE1C37A}.Release|x86.ActiveCfg = Release|Any CPU
		{B71ED389-AB8C-44AB-8527-14BD2FE1C37A}.Release|x86.Build.0 = Release|Any CPU
		{39459504-3E21-4BD3-9DC1-4F84E36915AD}.Ad-Hoc|Any CPU.ActiveCfg = Release|Any CPU
		{39459504-3E21-4BD3-9DC1-4F84E36915AD}.Ad-Hoc|Any CPU.Build.0 = Release|Any CPU
		{39459504-3E21-4BD3-9DC1-4F84E36915AD}.Ad-Hoc|Any CPU.Deploy.0 = Release|Any CPU
		{39459504-3E21-4BD3-9DC1-4F84E36915AD}.Ad-Hoc|ARM.ActiveCfg = Release|Any CPU
		{39459504-3E21-4BD3-9DC1-4F84E36915AD}.Ad-Hoc|ARM.Build.0 = Release|Any CPU
		{39459504-3E21-4BD3-9DC1-4F84E36915AD}.Ad-Hoc|ARM.Deploy.0 = Release|Any CPU
		{39459504-3E21-4BD3-9DC1-4F84E36915AD}.Ad-Hoc|iPhone.ActiveCfg = Release|Any CPU
		{39459504-3E21-4BD3-9DC1-4F84E36915AD}.Ad-Hoc|iPhone.Build.0 = Release|Any CPU
		{39459504-3E21-4BD3-9DC1-4F84E36915AD}.Ad-Hoc|iPhone.Deploy.0 = Release|Any CPU
		{39459504-3E21-4BD3-9DC1-4F84E36915AD}.Ad-Hoc|iPhoneSimulator.ActiveCfg = Release|Any CPU
		{39459504-3E21-4BD3-9DC1-4F84E36915AD}.Ad-Hoc|iPhoneSimulator.Build.0 = Release|Any CPU
		{39459504-3E21-4BD3-9DC1-4F84E36915AD}.Ad-Hoc|iPhoneSimulator.Deploy.0 = Release|Any CPU
		{39459504-3E21-4BD3-9DC1-4F84E36915AD}.Ad-Hoc|x64.ActiveCfg = Release|Any CPU
		{39459504-3E21-4BD3-9DC1-4F84E36915AD}.Ad-Hoc|x64.Build.0 = Release|Any CPU
		{39459504-3E21-4BD3-9DC1-4F84E36915AD}.Ad-Hoc|x64.Deploy.0 = Release|Any CPU
		{39459504-3E21-4BD3-9DC1-4F84E36915AD}.Ad-Hoc|x86.ActiveCfg = Release|Any CPU
		{39459504-3E21-4BD3-9DC1-4F84E36915AD}.Ad-Hoc|x86.Build.0 = Release|Any CPU
		{39459504-3E21-4BD3-9DC1-4F84E36915AD}.Ad-Hoc|x86.Deploy.0 = Release|Any CPU
		{39459504-3E21-4BD3-9DC1-4F84E36915AD}.AppStore|Any CPU.ActiveCfg = Release|Any CPU
		{39459504-3E21-4BD3-9DC1-4F84E36915AD}.AppStore|Any CPU.Build.0 = Release|Any CPU
		{39459504-3E21-4BD3-9DC1-4F84E36915AD}.AppStore|Any CPU.Deploy.0 = Release|Any CPU
		{39459504-3E21-4BD3-9DC1-4F84E36915AD}.AppStore|ARM.ActiveCfg = Release|Any CPU
		{39459504-3E21-4BD3-9DC1-4F84E36915AD}.AppStore|ARM.Build.0 = Release|Any CPU
		{39459504-3E21-4BD3-9DC1-4F84E36915AD}.AppStore|ARM.Deploy.0 = Release|Any CPU
		{39459504-3E21-4BD3-9DC1-4F84E36915AD}.AppStore|iPhone.ActiveCfg = Release|Any CPU
		{39459504-3E21-4BD3-9DC1-4F84E36915AD}.AppStore|iPhone.Build.0 = Release|Any CPU
		{39459504-3E21-4BD3-9DC1-4F84E36915AD}.AppStore|iPhone.Deploy.0 = Release|Any CPU
		{39459504-3E21-4BD3-9DC1-4F84E36915AD}.AppStore|iPhoneSimulator.ActiveCfg = Release|Any CPU
		{39459504-3E21-4BD3-9DC1-4F84E36915AD}.AppStore|iPhoneSimulator.Build.0 = Release|Any CPU
		{39459504-3E21-4BD3-9DC1-4F84E36915AD}.AppStore|iPhoneSimulator.Deploy.0 = Release|Any CPU
		{39459504-3E21-4BD3-9DC1-4F84E36915AD}.AppStore|x64.ActiveCfg = Release|Any CPU
		{39459504-3E21-4BD3-9DC1-4F84E36915AD}.AppStore|x64.Build.0 = Release|Any CPU
		{39459504-3E21-4BD3-9DC1-4F84E36915AD}.AppStore|x64.Deploy.0 = Release|Any CPU
		{39459504-3E21-4BD3-9DC1-4F84E36915AD}.AppStore|x86.ActiveCfg = Release|Any CPU
		{39459504-3E21-4BD3-9DC1-4F84E36915AD}.AppStore|x86.Build.0 = Release|Any CPU
		{39459504-3E21-4BD3-9DC1-4F84E36915AD}.AppStore|x86.Deploy.0 = Release|Any CPU
		{39459504-3E21-4BD3-9DC1-4F84E36915AD}.Debug|Any CPU.ActiveCfg = Debug|Any CPU
		{39459504-3E21-4BD3-9DC1-4F84E36915AD}.Debug|Any CPU.Build.0 = Debug|Any CPU
		{39459504-3E21-4BD3-9DC1-4F84E36915AD}.Debug|Any CPU.Deploy.0 = Debug|Any CPU
		{39459504-3E21-4BD3-9DC1-4F84E36915AD}.Debug|ARM.ActiveCfg = Debug|Any CPU
		{39459504-3E21-4BD3-9DC1-4F84E36915AD}.Debug|ARM.Build.0 = Debug|Any CPU
		{39459504-3E21-4BD3-9DC1-4F84E36915AD}.Debug|ARM.Deploy.0 = Debug|Any CPU
		{39459504-3E21-4BD3-9DC1-4F84E36915AD}.Debug|iPhone.ActiveCfg = Debug|Any CPU
		{39459504-3E21-4BD3-9DC1-4F84E36915AD}.Debug|iPhone.Build.0 = Debug|Any CPU
		{39459504-3E21-4BD3-9DC1-4F84E36915AD}.Debug|iPhone.Deploy.0 = Debug|Any CPU
		{39459504-3E21-4BD3-9DC1-4F84E36915AD}.Debug|iPhoneSimulator.ActiveCfg = Debug|Any CPU
		{39459504-3E21-4BD3-9DC1-4F84E36915AD}.Debug|iPhoneSimulator.Build.0 = Debug|Any CPU
		{39459504-3E21-4BD3-9DC1-4F84E36915AD}.Debug|iPhoneSimulator.Deploy.0 = Debug|Any CPU
		{39459504-3E21-4BD3-9DC1-4F84E36915AD}.Debug|x64.ActiveCfg = Debug|Any CPU
		{39459504-3E21-4BD3-9DC1-4F84E36915AD}.Debug|x64.Build.0 = Debug|Any CPU
		{39459504-3E21-4BD3-9DC1-4F84E36915AD}.Debug|x64.Deploy.0 = Debug|Any CPU
		{39459504-3E21-4BD3-9DC1-4F84E36915AD}.Debug|x86.ActiveCfg = Debug|Any CPU
		{39459504-3E21-4BD3-9DC1-4F84E36915AD}.Debug|x86.Build.0 = Debug|Any CPU
		{39459504-3E21-4BD3-9DC1-4F84E36915AD}.Debug|x86.Deploy.0 = Debug|Any CPU
		{39459504-3E21-4BD3-9DC1-4F84E36915AD}.Release|Any CPU.ActiveCfg = Release|Any CPU
		{39459504-3E21-4BD3-9DC1-4F84E36915AD}.Release|Any CPU.Build.0 = Release|Any CPU
		{39459504-3E21-4BD3-9DC1-4F84E36915AD}.Release|Any CPU.Deploy.0 = Release|Any CPU
		{39459504-3E21-4BD3-9DC1-4F84E36915AD}.Release|ARM.ActiveCfg = Release|Any CPU
		{39459504-3E21-4BD3-9DC1-4F84E36915AD}.Release|ARM.Build.0 = Release|Any CPU
		{39459504-3E21-4BD3-9DC1-4F84E36915AD}.Release|ARM.Deploy.0 = Release|Any CPU
		{39459504-3E21-4BD3-9DC1-4F84E36915AD}.Release|iPhone.ActiveCfg = Release|Any CPU
		{39459504-3E21-4BD3-9DC1-4F84E36915AD}.Release|iPhone.Build.0 = Release|Any CPU
		{39459504-3E21-4BD3-9DC1-4F84E36915AD}.Release|iPhone.Deploy.0 = Release|Any CPU
		{39459504-3E21-4BD3-9DC1-4F84E36915AD}.Release|iPhoneSimulator.ActiveCfg = Release|Any CPU
		{39459504-3E21-4BD3-9DC1-4F84E36915AD}.Release|iPhoneSimulator.Build.0 = Release|Any CPU
		{39459504-3E21-4BD3-9DC1-4F84E36915AD}.Release|iPhoneSimulator.Deploy.0 = Release|Any CPU
		{39459504-3E21-4BD3-9DC1-4F84E36915AD}.Release|x64.ActiveCfg = Release|Any CPU
		{39459504-3E21-4BD3-9DC1-4F84E36915AD}.Release|x64.Build.0 = Release|Any CPU
		{39459504-3E21-4BD3-9DC1-4F84E36915AD}.Release|x64.Deploy.0 = Release|Any CPU
		{39459504-3E21-4BD3-9DC1-4F84E36915AD}.Release|x86.ActiveCfg = Release|Any CPU
		{39459504-3E21-4BD3-9DC1-4F84E36915AD}.Release|x86.Build.0 = Release|Any CPU
		{39459504-3E21-4BD3-9DC1-4F84E36915AD}.Release|x86.Deploy.0 = Release|Any CPU
		{03786327-08EB-43BB-AA65-7DA1A084E7FF}.Ad-Hoc|Any CPU.ActiveCfg = Ad-Hoc|iPhone
		{03786327-08EB-43BB-AA65-7DA1A084E7FF}.Ad-Hoc|ARM.ActiveCfg = Ad-Hoc|iPhone
		{03786327-08EB-43BB-AA65-7DA1A084E7FF}.Ad-Hoc|iPhone.ActiveCfg = Ad-Hoc|iPhone
		{03786327-08EB-43BB-AA65-7DA1A084E7FF}.Ad-Hoc|iPhone.Build.0 = Ad-Hoc|iPhone
		{03786327-08EB-43BB-AA65-7DA1A084E7FF}.Ad-Hoc|iPhoneSimulator.ActiveCfg = Ad-Hoc|iPhoneSimulator
		{03786327-08EB-43BB-AA65-7DA1A084E7FF}.Ad-Hoc|iPhoneSimulator.Build.0 = Ad-Hoc|iPhoneSimulator
		{03786327-08EB-43BB-AA65-7DA1A084E7FF}.Ad-Hoc|x64.ActiveCfg = Ad-Hoc|iPhone
		{03786327-08EB-43BB-AA65-7DA1A084E7FF}.Ad-Hoc|x86.ActiveCfg = Ad-Hoc|iPhone
		{03786327-08EB-43BB-AA65-7DA1A084E7FF}.AppStore|Any CPU.ActiveCfg = AppStore|iPhone
		{03786327-08EB-43BB-AA65-7DA1A084E7FF}.AppStore|ARM.ActiveCfg = AppStore|iPhone
		{03786327-08EB-43BB-AA65-7DA1A084E7FF}.AppStore|iPhone.ActiveCfg = AppStore|iPhone
		{03786327-08EB-43BB-AA65-7DA1A084E7FF}.AppStore|iPhone.Build.0 = AppStore|iPhone
		{03786327-08EB-43BB-AA65-7DA1A084E7FF}.AppStore|iPhoneSimulator.ActiveCfg = AppStore|iPhoneSimulator
		{03786327-08EB-43BB-AA65-7DA1A084E7FF}.AppStore|iPhoneSimulator.Build.0 = AppStore|iPhoneSimulator
		{03786327-08EB-43BB-AA65-7DA1A084E7FF}.AppStore|x64.ActiveCfg = AppStore|iPhone
		{03786327-08EB-43BB-AA65-7DA1A084E7FF}.AppStore|x86.ActiveCfg = AppStore|iPhone
		{03786327-08EB-43BB-AA65-7DA1A084E7FF}.Debug|Any CPU.ActiveCfg = Debug|iPhone
		{03786327-08EB-43BB-AA65-7DA1A084E7FF}.Debug|ARM.ActiveCfg = Debug|iPhone
		{03786327-08EB-43BB-AA65-7DA1A084E7FF}.Debug|iPhone.ActiveCfg = Debug|iPhone
		{03786327-08EB-43BB-AA65-7DA1A084E7FF}.Debug|iPhone.Build.0 = Debug|iPhone
		{03786327-08EB-43BB-AA65-7DA1A084E7FF}.Debug|iPhoneSimulator.ActiveCfg = Debug|iPhoneSimulator
		{03786327-08EB-43BB-AA65-7DA1A084E7FF}.Debug|iPhoneSimulator.Build.0 = Debug|iPhoneSimulator
		{03786327-08EB-43BB-AA65-7DA1A084E7FF}.Debug|x64.ActiveCfg = Debug|iPhone
		{03786327-08EB-43BB-AA65-7DA1A084E7FF}.Debug|x86.ActiveCfg = Debug|iPhone
		{03786327-08EB-43BB-AA65-7DA1A084E7FF}.Release|Any CPU.ActiveCfg = Release|iPhone
		{03786327-08EB-43BB-AA65-7DA1A084E7FF}.Release|ARM.ActiveCfg = Release|iPhone
		{03786327-08EB-43BB-AA65-7DA1A084E7FF}.Release|iPhone.ActiveCfg = Release|iPhone
		{03786327-08EB-43BB-AA65-7DA1A084E7FF}.Release|iPhone.Build.0 = Release|iPhone
		{03786327-08EB-43BB-AA65-7DA1A084E7FF}.Release|iPhoneSimulator.ActiveCfg = Release|iPhoneSimulator
		{03786327-08EB-43BB-AA65-7DA1A084E7FF}.Release|iPhoneSimulator.Build.0 = Release|iPhoneSimulator
		{03786327-08EB-43BB-AA65-7DA1A084E7FF}.Release|x64.ActiveCfg = Release|iPhone
		{03786327-08EB-43BB-AA65-7DA1A084E7FF}.Release|x86.ActiveCfg = Release|iPhone
		{AA4A3B8D-8DBB-483A-80A8-76176DE7A839}.Ad-Hoc|Any CPU.ActiveCfg = Release|Any CPU
		{AA4A3B8D-8DBB-483A-80A8-76176DE7A839}.Ad-Hoc|Any CPU.Build.0 = Release|Any CPU
		{AA4A3B8D-8DBB-483A-80A8-76176DE7A839}.Ad-Hoc|Any CPU.Deploy.0 = Release|Any CPU
		{AA4A3B8D-8DBB-483A-80A8-76176DE7A839}.Ad-Hoc|ARM.ActiveCfg = Release|ARM
		{AA4A3B8D-8DBB-483A-80A8-76176DE7A839}.Ad-Hoc|ARM.Build.0 = Release|ARM
		{AA4A3B8D-8DBB-483A-80A8-76176DE7A839}.Ad-Hoc|ARM.Deploy.0 = Release|ARM
		{AA4A3B8D-8DBB-483A-80A8-76176DE7A839}.Ad-Hoc|iPhone.ActiveCfg = Release|Any CPU
		{AA4A3B8D-8DBB-483A-80A8-76176DE7A839}.Ad-Hoc|iPhone.Build.0 = Release|Any CPU
		{AA4A3B8D-8DBB-483A-80A8-76176DE7A839}.Ad-Hoc|iPhone.Deploy.0 = Release|Any CPU
		{AA4A3B8D-8DBB-483A-80A8-76176DE7A839}.Ad-Hoc|iPhoneSimulator.ActiveCfg = Release|Any CPU
		{AA4A3B8D-8DBB-483A-80A8-76176DE7A839}.Ad-Hoc|iPhoneSimulator.Build.0 = Release|Any CPU
		{AA4A3B8D-8DBB-483A-80A8-76176DE7A839}.Ad-Hoc|iPhoneSimulator.Deploy.0 = Release|Any CPU
		{AA4A3B8D-8DBB-483A-80A8-76176DE7A839}.Ad-Hoc|x64.ActiveCfg = Release|Any CPU
		{AA4A3B8D-8DBB-483A-80A8-76176DE7A839}.Ad-Hoc|x64.Build.0 = Release|Any CPU
		{AA4A3B8D-8DBB-483A-80A8-76176DE7A839}.Ad-Hoc|x64.Deploy.0 = Release|Any CPU
		{AA4A3B8D-8DBB-483A-80A8-76176DE7A839}.Ad-Hoc|x86.ActiveCfg = Release|x86
		{AA4A3B8D-8DBB-483A-80A8-76176DE7A839}.Ad-Hoc|x86.Build.0 = Release|x86
		{AA4A3B8D-8DBB-483A-80A8-76176DE7A839}.Ad-Hoc|x86.Deploy.0 = Release|x86
		{AA4A3B8D-8DBB-483A-80A8-76176DE7A839}.AppStore|Any CPU.ActiveCfg = Release|Any CPU
		{AA4A3B8D-8DBB-483A-80A8-76176DE7A839}.AppStore|Any CPU.Build.0 = Release|Any CPU
		{AA4A3B8D-8DBB-483A-80A8-76176DE7A839}.AppStore|Any CPU.Deploy.0 = Release|Any CPU
		{AA4A3B8D-8DBB-483A-80A8-76176DE7A839}.AppStore|ARM.ActiveCfg = Release|ARM
		{AA4A3B8D-8DBB-483A-80A8-76176DE7A839}.AppStore|ARM.Build.0 = Release|ARM
		{AA4A3B8D-8DBB-483A-80A8-76176DE7A839}.AppStore|ARM.Deploy.0 = Release|ARM
		{AA4A3B8D-8DBB-483A-80A8-76176DE7A839}.AppStore|iPhone.ActiveCfg = Release|Any CPU
		{AA4A3B8D-8DBB-483A-80A8-76176DE7A839}.AppStore|iPhone.Build.0 = Release|Any CPU
		{AA4A3B8D-8DBB-483A-80A8-76176DE7A839}.AppStore|iPhone.Deploy.0 = Release|Any CPU
		{AA4A3B8D-8DBB-483A-80A8-76176DE7A839}.AppStore|iPhoneSimulator.ActiveCfg = Release|Any CPU
		{AA4A3B8D-8DBB-483A-80A8-76176DE7A839}.AppStore|iPhoneSimulator.Build.0 = Release|Any CPU
		{AA4A3B8D-8DBB-483A-80A8-76176DE7A839}.AppStore|iPhoneSimulator.Deploy.0 = Release|Any CPU
		{AA4A3B8D-8DBB-483A-80A8-76176DE7A839}.AppStore|x64.ActiveCfg = Release|Any CPU
		{AA4A3B8D-8DBB-483A-80A8-76176DE7A839}.AppStore|x64.Build.0 = Release|Any CPU
		{AA4A3B8D-8DBB-483A-80A8-76176DE7A839}.AppStore|x64.Deploy.0 = Release|Any CPU
		{AA4A3B8D-8DBB-483A-80A8-76176DE7A839}.AppStore|x86.ActiveCfg = Release|x86
		{AA4A3B8D-8DBB-483A-80A8-76176DE7A839}.AppStore|x86.Build.0 = Release|x86
		{AA4A3B8D-8DBB-483A-80A8-76176DE7A839}.AppStore|x86.Deploy.0 = Release|x86
		{AA4A3B8D-8DBB-483A-80A8-76176DE7A839}.Debug|Any CPU.ActiveCfg = Debug|Any CPU
		{AA4A3B8D-8DBB-483A-80A8-76176DE7A839}.Debug|Any CPU.Build.0 = Debug|Any CPU
		{AA4A3B8D-8DBB-483A-80A8-76176DE7A839}.Debug|Any CPU.Deploy.0 = Debug|Any CPU
		{AA4A3B8D-8DBB-483A-80A8-76176DE7A839}.Debug|ARM.ActiveCfg = Debug|ARM
		{AA4A3B8D-8DBB-483A-80A8-76176DE7A839}.Debug|ARM.Build.0 = Debug|ARM
		{AA4A3B8D-8DBB-483A-80A8-76176DE7A839}.Debug|ARM.Deploy.0 = Debug|ARM
		{AA4A3B8D-8DBB-483A-80A8-76176DE7A839}.Debug|iPhone.ActiveCfg = Debug|Any CPU
		{AA4A3B8D-8DBB-483A-80A8-76176DE7A839}.Debug|iPhone.Build.0 = Debug|Any CPU
		{AA4A3B8D-8DBB-483A-80A8-76176DE7A839}.Debug|iPhone.Deploy.0 = Debug|Any CPU
		{AA4A3B8D-8DBB-483A-80A8-76176DE7A839}.Debug|iPhoneSimulator.ActiveCfg = Debug|Any CPU
		{AA4A3B8D-8DBB-483A-80A8-76176DE7A839}.Debug|iPhoneSimulator.Build.0 = Debug|Any CPU
		{AA4A3B8D-8DBB-483A-80A8-76176DE7A839}.Debug|iPhoneSimulator.Deploy.0 = Debug|Any CPU
		{AA4A3B8D-8DBB-483A-80A8-76176DE7A839}.Debug|x64.ActiveCfg = Debug|Any CPU
		{AA4A3B8D-8DBB-483A-80A8-76176DE7A839}.Debug|x64.Build.0 = Debug|Any CPU
		{AA4A3B8D-8DBB-483A-80A8-76176DE7A839}.Debug|x64.Deploy.0 = Debug|Any CPU
		{AA4A3B8D-8DBB-483A-80A8-76176DE7A839}.Debug|x86.ActiveCfg = Debug|x86
		{AA4A3B8D-8DBB-483A-80A8-76176DE7A839}.Debug|x86.Build.0 = Debug|x86
		{AA4A3B8D-8DBB-483A-80A8-76176DE7A839}.Debug|x86.Deploy.0 = Debug|x86
		{AA4A3B8D-8DBB-483A-80A8-76176DE7A839}.Release|Any CPU.ActiveCfg = Release|Any CPU
		{AA4A3B8D-8DBB-483A-80A8-76176DE7A839}.Release|Any CPU.Build.0 = Release|Any CPU
		{AA4A3B8D-8DBB-483A-80A8-76176DE7A839}.Release|Any CPU.Deploy.0 = Release|Any CPU
		{AA4A3B8D-8DBB-483A-80A8-76176DE7A839}.Release|ARM.ActiveCfg = Release|ARM
		{AA4A3B8D-8DBB-483A-80A8-76176DE7A839}.Release|ARM.Build.0 = Release|ARM
		{AA4A3B8D-8DBB-483A-80A8-76176DE7A839}.Release|ARM.Deploy.0 = Release|ARM
		{AA4A3B8D-8DBB-483A-80A8-76176DE7A839}.Release|iPhone.ActiveCfg = Release|Any CPU
		{AA4A3B8D-8DBB-483A-80A8-76176DE7A839}.Release|iPhone.Build.0 = Release|Any CPU
		{AA4A3B8D-8DBB-483A-80A8-76176DE7A839}.Release|iPhone.Deploy.0 = Release|Any CPU
		{AA4A3B8D-8DBB-483A-80A8-76176DE7A839}.Release|iPhoneSimulator.ActiveCfg = Release|Any CPU
		{AA4A3B8D-8DBB-483A-80A8-76176DE7A839}.Release|iPhoneSimulator.Build.0 = Release|Any CPU
		{AA4A3B8D-8DBB-483A-80A8-76176DE7A839}.Release|iPhoneSimulator.Deploy.0 = Release|Any CPU
		{AA4A3B8D-8DBB-483A-80A8-76176DE7A839}.Release|x64.ActiveCfg = Release|Any CPU
		{AA4A3B8D-8DBB-483A-80A8-76176DE7A839}.Release|x64.Build.0 = Release|Any CPU
		{AA4A3B8D-8DBB-483A-80A8-76176DE7A839}.Release|x64.Deploy.0 = Release|Any CPU
		{AA4A3B8D-8DBB-483A-80A8-76176DE7A839}.Release|x86.ActiveCfg = Release|x86
		{AA4A3B8D-8DBB-483A-80A8-76176DE7A839}.Release|x86.Build.0 = Release|x86
		{AA4A3B8D-8DBB-483A-80A8-76176DE7A839}.Release|x86.Deploy.0 = Release|x86
		{10091902-A679-4925-9C38-30BAE7F7816E}.Ad-Hoc|Any CPU.ActiveCfg = Release|x86
		{10091902-A679-4925-9C38-30BAE7F7816E}.Ad-Hoc|Any CPU.Build.0 = Release|x86
		{10091902-A679-4925-9C38-30BAE7F7816E}.Ad-Hoc|Any CPU.Deploy.0 = Release|x86
		{10091902-A679-4925-9C38-30BAE7F7816E}.Ad-Hoc|ARM.ActiveCfg = Release|ARM
		{10091902-A679-4925-9C38-30BAE7F7816E}.Ad-Hoc|ARM.Build.0 = Release|ARM
		{10091902-A679-4925-9C38-30BAE7F7816E}.Ad-Hoc|ARM.Deploy.0 = Release|ARM
		{10091902-A679-4925-9C38-30BAE7F7816E}.Ad-Hoc|iPhone.ActiveCfg = Release|x86
		{10091902-A679-4925-9C38-30BAE7F7816E}.Ad-Hoc|iPhone.Build.0 = Release|x86
		{10091902-A679-4925-9C38-30BAE7F7816E}.Ad-Hoc|iPhone.Deploy.0 = Release|x86
		{10091902-A679-4925-9C38-30BAE7F7816E}.Ad-Hoc|iPhoneSimulator.ActiveCfg = Release|x86
		{10091902-A679-4925-9C38-30BAE7F7816E}.Ad-Hoc|iPhoneSimulator.Build.0 = Release|x86
		{10091902-A679-4925-9C38-30BAE7F7816E}.Ad-Hoc|iPhoneSimulator.Deploy.0 = Release|x86
		{10091902-A679-4925-9C38-30BAE7F7816E}.Ad-Hoc|x64.ActiveCfg = Release|x64
		{10091902-A679-4925-9C38-30BAE7F7816E}.Ad-Hoc|x64.Build.0 = Release|x64
		{10091902-A679-4925-9C38-30BAE7F7816E}.Ad-Hoc|x64.Deploy.0 = Release|x64
		{10091902-A679-4925-9C38-30BAE7F7816E}.Ad-Hoc|x86.ActiveCfg = Release|x86
		{10091902-A679-4925-9C38-30BAE7F7816E}.Ad-Hoc|x86.Build.0 = Release|x86
		{10091902-A679-4925-9C38-30BAE7F7816E}.Ad-Hoc|x86.Deploy.0 = Release|x86
		{10091902-A679-4925-9C38-30BAE7F7816E}.AppStore|Any CPU.ActiveCfg = Release|x86
		{10091902-A679-4925-9C38-30BAE7F7816E}.AppStore|Any CPU.Build.0 = Release|x86
		{10091902-A679-4925-9C38-30BAE7F7816E}.AppStore|Any CPU.Deploy.0 = Release|x86
		{10091902-A679-4925-9C38-30BAE7F7816E}.AppStore|ARM.ActiveCfg = Release|ARM
		{10091902-A679-4925-9C38-30BAE7F7816E}.AppStore|ARM.Build.0 = Release|ARM
		{10091902-A679-4925-9C38-30BAE7F7816E}.AppStore|ARM.Deploy.0 = Release|ARM
		{10091902-A679-4925-9C38-30BAE7F7816E}.AppStore|iPhone.ActiveCfg = Release|x86
		{10091902-A679-4925-9C38-30BAE7F7816E}.AppStore|iPhone.Build.0 = Release|x86
		{10091902-A679-4925-9C38-30BAE7F7816E}.AppStore|iPhone.Deploy.0 = Release|x86
		{10091902-A679-4925-9C38-30BAE7F7816E}.AppStore|iPhoneSimulator.ActiveCfg = Release|x86
		{10091902-A679-4925-9C38-30BAE7F7816E}.AppStore|iPhoneSimulator.Build.0 = Release|x86
		{10091902-A679-4925-9C38-30BAE7F7816E}.AppStore|iPhoneSimulator.Deploy.0 = Release|x86
		{10091902-A679-4925-9C38-30BAE7F7816E}.AppStore|x64.ActiveCfg = Release|x64
		{10091902-A679-4925-9C38-30BAE7F7816E}.AppStore|x64.Build.0 = Release|x64
		{10091902-A679-4925-9C38-30BAE7F7816E}.AppStore|x64.Deploy.0 = Release|x64
		{10091902-A679-4925-9C38-30BAE7F7816E}.AppStore|x86.ActiveCfg = Release|x86
		{10091902-A679-4925-9C38-30BAE7F7816E}.AppStore|x86.Build.0 = Release|x86
		{10091902-A679-4925-9C38-30BAE7F7816E}.AppStore|x86.Deploy.0 = Release|x86
		{10091902-A679-4925-9C38-30BAE7F7816E}.Debug|Any CPU.ActiveCfg = Debug|x86
		{10091902-A679-4925-9C38-30BAE7F7816E}.Debug|Any CPU.Build.0 = Debug|x86
		{10091902-A679-4925-9C38-30BAE7F7816E}.Debug|Any CPU.Deploy.0 = Debug|x86
		{10091902-A679-4925-9C38-30BAE7F7816E}.Debug|ARM.ActiveCfg = Debug|ARM
		{10091902-A679-4925-9C38-30BAE7F7816E}.Debug|ARM.Build.0 = Debug|ARM
		{10091902-A679-4925-9C38-30BAE7F7816E}.Debug|ARM.Deploy.0 = Debug|ARM
		{10091902-A679-4925-9C38-30BAE7F7816E}.Debug|iPhone.ActiveCfg = Debug|x86
		{10091902-A679-4925-9C38-30BAE7F7816E}.Debug|iPhoneSimulator.ActiveCfg = Debug|x86
		{10091902-A679-4925-9C38-30BAE7F7816E}.Debug|x64.ActiveCfg = Debug|x64
		{10091902-A679-4925-9C38-30BAE7F7816E}.Debug|x64.Build.0 = Debug|x64
		{10091902-A679-4925-9C38-30BAE7F7816E}.Debug|x64.Deploy.0 = Debug|x64
		{10091902-A679-4925-9C38-30BAE7F7816E}.Debug|x86.ActiveCfg = Debug|x86
		{10091902-A679-4925-9C38-30BAE7F7816E}.Debug|x86.Build.0 = Debug|x86
		{10091902-A679-4925-9C38-30BAE7F7816E}.Debug|x86.Deploy.0 = Debug|x86
		{10091902-A679-4925-9C38-30BAE7F7816E}.Release|Any CPU.ActiveCfg = Release|x86
		{10091902-A679-4925-9C38-30BAE7F7816E}.Release|ARM.ActiveCfg = Release|ARM
		{10091902-A679-4925-9C38-30BAE7F7816E}.Release|ARM.Build.0 = Release|ARM
		{10091902-A679-4925-9C38-30BAE7F7816E}.Release|ARM.Deploy.0 = Release|ARM
		{10091902-A679-4925-9C38-30BAE7F7816E}.Release|iPhone.ActiveCfg = Release|x86
		{10091902-A679-4925-9C38-30BAE7F7816E}.Release|iPhoneSimulator.ActiveCfg = Release|x86
		{10091902-A679-4925-9C38-30BAE7F7816E}.Release|x64.ActiveCfg = Release|x64
		{10091902-A679-4925-9C38-30BAE7F7816E}.Release|x64.Build.0 = Release|x64
		{10091902-A679-4925-9C38-30BAE7F7816E}.Release|x64.Deploy.0 = Release|x64
		{10091902-A679-4925-9C38-30BAE7F7816E}.Release|x86.ActiveCfg = Release|x86
		{10091902-A679-4925-9C38-30BAE7F7816E}.Release|x86.Build.0 = Release|x86
		{10091902-A679-4925-9C38-30BAE7F7816E}.Release|x86.Deploy.0 = Release|x86
		{DDB18E07-6A7C-46FD-9721-154EA0A50D28}.Ad-Hoc|Any CPU.ActiveCfg = Release|Any CPU
		{DDB18E07-6A7C-46FD-9721-154EA0A50D28}.Ad-Hoc|Any CPU.Build.0 = Release|Any CPU
		{DDB18E07-6A7C-46FD-9721-154EA0A50D28}.Ad-Hoc|Any CPU.Deploy.0 = Release|Any CPU
		{DDB18E07-6A7C-46FD-9721-154EA0A50D28}.Ad-Hoc|ARM.ActiveCfg = Release|ARM
		{DDB18E07-6A7C-46FD-9721-154EA0A50D28}.Ad-Hoc|ARM.Build.0 = Release|ARM
		{DDB18E07-6A7C-46FD-9721-154EA0A50D28}.Ad-Hoc|ARM.Deploy.0 = Release|ARM
		{DDB18E07-6A7C-46FD-9721-154EA0A50D28}.Ad-Hoc|iPhone.ActiveCfg = Release|Any CPU
		{DDB18E07-6A7C-46FD-9721-154EA0A50D28}.Ad-Hoc|iPhone.Build.0 = Release|Any CPU
		{DDB18E07-6A7C-46FD-9721-154EA0A50D28}.Ad-Hoc|iPhone.Deploy.0 = Release|Any CPU
		{DDB18E07-6A7C-46FD-9721-154EA0A50D28}.Ad-Hoc|iPhoneSimulator.ActiveCfg = Release|Any CPU
		{DDB18E07-6A7C-46FD-9721-154EA0A50D28}.Ad-Hoc|iPhoneSimulator.Build.0 = Release|Any CPU
		{DDB18E07-6A7C-46FD-9721-154EA0A50D28}.Ad-Hoc|iPhoneSimulator.Deploy.0 = Release|Any CPU
		{DDB18E07-6A7C-46FD-9721-154EA0A50D28}.Ad-Hoc|x64.ActiveCfg = Release|x64
		{DDB18E07-6A7C-46FD-9721-154EA0A50D28}.Ad-Hoc|x64.Build.0 = Release|x64
		{DDB18E07-6A7C-46FD-9721-154EA0A50D28}.Ad-Hoc|x64.Deploy.0 = Release|x64
		{DDB18E07-6A7C-46FD-9721-154EA0A50D28}.Ad-Hoc|x86.ActiveCfg = Release|x86
		{DDB18E07-6A7C-46FD-9721-154EA0A50D28}.Ad-Hoc|x86.Build.0 = Release|x86
		{DDB18E07-6A7C-46FD-9721-154EA0A50D28}.Ad-Hoc|x86.Deploy.0 = Release|x86
		{DDB18E07-6A7C-46FD-9721-154EA0A50D28}.AppStore|Any CPU.ActiveCfg = Release|Any CPU
		{DDB18E07-6A7C-46FD-9721-154EA0A50D28}.AppStore|Any CPU.Build.0 = Release|Any CPU
		{DDB18E07-6A7C-46FD-9721-154EA0A50D28}.AppStore|Any CPU.Deploy.0 = Release|Any CPU
		{DDB18E07-6A7C-46FD-9721-154EA0A50D28}.AppStore|ARM.ActiveCfg = Release|ARM
		{DDB18E07-6A7C-46FD-9721-154EA0A50D28}.AppStore|ARM.Build.0 = Release|ARM
		{DDB18E07-6A7C-46FD-9721-154EA0A50D28}.AppStore|ARM.Deploy.0 = Release|ARM
		{DDB18E07-6A7C-46FD-9721-154EA0A50D28}.AppStore|iPhone.ActiveCfg = Release|Any CPU
		{DDB18E07-6A7C-46FD-9721-154EA0A50D28}.AppStore|iPhone.Build.0 = Release|Any CPU
		{DDB18E07-6A7C-46FD-9721-154EA0A50D28}.AppStore|iPhone.Deploy.0 = Release|Any CPU
		{DDB18E07-6A7C-46FD-9721-154EA0A50D28}.AppStore|iPhoneSimulator.ActiveCfg = Release|Any CPU
		{DDB18E07-6A7C-46FD-9721-154EA0A50D28}.AppStore|iPhoneSimulator.Build.0 = Release|Any CPU
		{DDB18E07-6A7C-46FD-9721-154EA0A50D28}.AppStore|iPhoneSimulator.Deploy.0 = Release|Any CPU
		{DDB18E07-6A7C-46FD-9721-154EA0A50D28}.AppStore|x64.ActiveCfg = Release|x64
		{DDB18E07-6A7C-46FD-9721-154EA0A50D28}.AppStore|x64.Build.0 = Release|x64
		{DDB18E07-6A7C-46FD-9721-154EA0A50D28}.AppStore|x64.Deploy.0 = Release|x64
		{DDB18E07-6A7C-46FD-9721-154EA0A50D28}.AppStore|x86.ActiveCfg = Release|x86
		{DDB18E07-6A7C-46FD-9721-154EA0A50D28}.AppStore|x86.Build.0 = Release|x86
		{DDB18E07-6A7C-46FD-9721-154EA0A50D28}.AppStore|x86.Deploy.0 = Release|x86
		{DDB18E07-6A7C-46FD-9721-154EA0A50D28}.Debug|Any CPU.ActiveCfg = Debug|Any CPU
		{DDB18E07-6A7C-46FD-9721-154EA0A50D28}.Debug|Any CPU.Build.0 = Debug|Any CPU
		{DDB18E07-6A7C-46FD-9721-154EA0A50D28}.Debug|Any CPU.Deploy.0 = Debug|Any CPU
		{DDB18E07-6A7C-46FD-9721-154EA0A50D28}.Debug|ARM.ActiveCfg = Debug|ARM
		{DDB18E07-6A7C-46FD-9721-154EA0A50D28}.Debug|ARM.Build.0 = Debug|ARM
		{DDB18E07-6A7C-46FD-9721-154EA0A50D28}.Debug|ARM.Deploy.0 = Debug|ARM
		{DDB18E07-6A7C-46FD-9721-154EA0A50D28}.Debug|iPhone.ActiveCfg = Debug|Any CPU
		{DDB18E07-6A7C-46FD-9721-154EA0A50D28}.Debug|iPhone.Build.0 = Debug|Any CPU
		{DDB18E07-6A7C-46FD-9721-154EA0A50D28}.Debug|iPhone.Deploy.0 = Debug|Any CPU
		{DDB18E07-6A7C-46FD-9721-154EA0A50D28}.Debug|iPhoneSimulator.ActiveCfg = Debug|Any CPU
		{DDB18E07-6A7C-46FD-9721-154EA0A50D28}.Debug|iPhoneSimulator.Build.0 = Debug|Any CPU
		{DDB18E07-6A7C-46FD-9721-154EA0A50D28}.Debug|iPhoneSimulator.Deploy.0 = Debug|Any CPU
		{DDB18E07-6A7C-46FD-9721-154EA0A50D28}.Debug|x64.ActiveCfg = Debug|x64
		{DDB18E07-6A7C-46FD-9721-154EA0A50D28}.Debug|x64.Build.0 = Debug|x64
		{DDB18E07-6A7C-46FD-9721-154EA0A50D28}.Debug|x64.Deploy.0 = Debug|x64
		{DDB18E07-6A7C-46FD-9721-154EA0A50D28}.Debug|x86.ActiveCfg = Debug|x86
		{DDB18E07-6A7C-46FD-9721-154EA0A50D28}.Debug|x86.Build.0 = Debug|x86
		{DDB18E07-6A7C-46FD-9721-154EA0A50D28}.Debug|x86.Deploy.0 = Debug|x86
		{DDB18E07-6A7C-46FD-9721-154EA0A50D28}.Release|Any CPU.ActiveCfg = Release|Any CPU
		{DDB18E07-6A7C-46FD-9721-154EA0A50D28}.Release|Any CPU.Build.0 = Release|Any CPU
		{DDB18E07-6A7C-46FD-9721-154EA0A50D28}.Release|Any CPU.Deploy.0 = Release|Any CPU
		{DDB18E07-6A7C-46FD-9721-154EA0A50D28}.Release|ARM.ActiveCfg = Release|ARM
		{DDB18E07-6A7C-46FD-9721-154EA0A50D28}.Release|ARM.Build.0 = Release|ARM
		{DDB18E07-6A7C-46FD-9721-154EA0A50D28}.Release|ARM.Deploy.0 = Release|ARM
		{DDB18E07-6A7C-46FD-9721-154EA0A50D28}.Release|iPhone.ActiveCfg = Release|Any CPU
		{DDB18E07-6A7C-46FD-9721-154EA0A50D28}.Release|iPhone.Build.0 = Release|Any CPU
		{DDB18E07-6A7C-46FD-9721-154EA0A50D28}.Release|iPhone.Deploy.0 = Release|Any CPU
		{DDB18E07-6A7C-46FD-9721-154EA0A50D28}.Release|iPhoneSimulator.ActiveCfg = Release|Any CPU
		{DDB18E07-6A7C-46FD-9721-154EA0A50D28}.Release|iPhoneSimulator.Build.0 = Release|Any CPU
		{DDB18E07-6A7C-46FD-9721-154EA0A50D28}.Release|iPhoneSimulator.Deploy.0 = Release|Any CPU
		{DDB18E07-6A7C-46FD-9721-154EA0A50D28}.Release|x64.ActiveCfg = Release|x64
		{DDB18E07-6A7C-46FD-9721-154EA0A50D28}.Release|x64.Build.0 = Release|x64
		{DDB18E07-6A7C-46FD-9721-154EA0A50D28}.Release|x64.Deploy.0 = Release|x64
		{DDB18E07-6A7C-46FD-9721-154EA0A50D28}.Release|x86.ActiveCfg = Release|x86
		{DDB18E07-6A7C-46FD-9721-154EA0A50D28}.Release|x86.Build.0 = Release|x86
		{DDB18E07-6A7C-46FD-9721-154EA0A50D28}.Release|x86.Deploy.0 = Release|x86
	EndGlobalSection
	GlobalSection(SolutionProperties) = preSolution
		HideSolutionNode = FALSE
	EndGlobalSection
EndGlobal
